
Microsoft Visual Studio Solution File, Format Version 12.00
# Visual Studio 15
VisualStudioVersion = 15.0.28307.168
MinimumVisualStudioVersion = 10.0.40219.1
Project("{8BC9CEB8-8B4A-11D0-8D11-00A0C91BC942}") = "1st OGL Program", "1st OGL Program.vcxproj", "{5E289E17-EA1D-4BFE-81E5-0D78609B7F90}"
EndProject
Global
	GlobalSection(SolutionConfigurationPlatforms) = preSolution
		Debug|x64 = Debug|x64
		Debug|x86 = Debug|x86
		Release|x64 = Release|x64
		Release|x86 = Release|x86
	EndGlobalSection
	GlobalSection(ProjectConfigurationPlatforms) = postSolution
		{5E289E17-EA1D-4BFE-81E5-0D78609B7F90}.Debug|x64.ActiveCfg = Debug|x64
		{5E289E17-EA1D-4BFE-81E5-0D78609B7F90}.Debug|x64.Build.0 = Debug|x64
		{5E289E17-EA1D-4BFE-81E5-0D78609B7F90}.Debug|x86.ActiveCfg = Debug|Win32
		{5E289E17-EA1D-4BFE-81E5-0D78609B7F90}.Debug|x86.Build.0 = Debug|Win32
		{5E289E17-EA1D-4BFE-81E5-0D78609B7F90}.Release|x64.ActiveCfg = Release|x64
		{5E289E17-EA1D-4BFE-81E5-0D78609B7F90}.Release|x64.Build.0 = Release|x64
		{5E289E17-EA1D-4BFE-81E5-0D78609B7F90}.Release|x86.ActiveCfg = Release|Win32
		{5E289E17-EA1D-4BFE-81E5-0D78609B7F90}.Release|x86.Build.0 = Release|Win32
	EndGlobalSection
	GlobalSection(SolutionProperties) = preSolution
		HideSolutionNode = FALSE
	EndGlobalSection
	GlobalSection(ExtensibilityGlobals) = postSolution
		SolutionGuid = {E02781FD-344A-4C3D-988C-D72C8F5831B0}
	EndGlobalSection
EndGlobal
